
Microsoft Visual Studio Solution File, Format Version 12.00
# Visual Studio Version 16
VisualStudioVersion = 16.0.32106.194
MinimumVisualStudioVersion = 10.0.40219.1
Project("{FAE04EC0-301F-11D3-BF4B-00C04F79EFBC}") = "PaymentAPI", "PaymentAPI\PaymentAPI.csproj", "{AD27F963-786A-4266-9213-1EAD458748F6}"
EndProject
Global
	GlobalSection(SolutionConfigurationPlatforms) = preSolution
		Debug|Any CPU = Debug|Any CPU
		Release|Any CPU = Release|Any CPU
	EndGlobalSection
	GlobalSection(ProjectConfigurationPlatforms) = postSolution
		{AD27F963-786A-4266-9213-1EAD458748F6}.Debug|Any CPU.ActiveCfg = Debug|Any CPU
		{AD27F963-786A-4266-9213-1EAD458748F6}.Debug|Any CPU.Build.0 = Debug|Any CPU
		{AD27F963-786A-4266-9213-1EAD458748F6}.Release|Any CPU.ActiveCfg = Release|Any CPU
		{AD27F963-786A-4266-9213-1EAD458748F6}.Release|Any CPU.Build.0 = Release|Any CPU
	EndGlobalSection
	GlobalSection(SolutionProperties) = preSolution
		HideSolutionNode = FALSE
	EndGlobalSection
	GlobalSection(ExtensibilityGlobals) = postSolution
		SolutionGuid = {9213616E-07E5-4686-8F19-59BF2D2E27A8}
	EndGlobalSection
EndGlobal
